// !$*UTF8*$!
{
	archiveVersion = 1;
	classes = {
	};
	objectVersion = 52;
	objects = {

/* Begin PBXBuildFile section */
		CBCBB7D324F260D600E7BE8F /* AppDelegate.swift in Sources */ = {isa = PBXBuildFile; fileRef = CBCBB7D224F260D600E7BE8F /* AppDelegate.swift */; };
		CBCBB7D524F260D600E7BE8F /* SceneDelegate.swift in Sources */ = {isa = PBXBuildFile; fileRef = CBCBB7D424F260D600E7BE8F /* SceneDelegate.swift */; };
		CBCBB7D724F260D600E7BE8F /* ViewController.swift in Sources */ = {isa = PBXBuildFile; fileRef = CBCBB7D624F260D600E7BE8F /* ViewController.swift */; };
		CBCBB7DA24F260D600E7BE8F /* Main.storyboard in Resources */ = {isa = PBXBuildFile; fileRef = CBCBB7D824F260D600E7BE8F /* Main.storyboard */; };
		CBCBB7DC24F260D600E7BE8F /* ContentView.swift in Sources */ = {isa = PBXBuildFile; fileRef = CBCBB7DB24F260D600E7BE8F /* ContentView.swift */; };
		CBCBB7DE24F260D700E7BE8F /* Assets.xcassets in Resources */ = {isa = PBXBuildFile; fileRef = CBCBB7DD24F260D700E7BE8F /* Assets.xcassets */; };
		CBCBB7E124F260D700E7BE8F /* LaunchScreen.storyboard in Resources */ = {isa = PBXBuildFile; fileRef = CBCBB7DF24F260D700E7BE8F /* LaunchScreen.storyboard */; };
		CBCBB7EB24F268D100E7BE8F /* DepthPreviewViewController.swift in Sources */ = {isa = PBXBuildFile; fileRef = CBCBB7EA24F268D100E7BE8F /* DepthPreviewViewController.swift */; };
		CBD5792B24F39C100011023F /* Zip in Frameworks */ = {isa = PBXBuildFile; productRef = CBD5792A24F39C100011023F /* Zip */; };
/* End PBXBuildFile section */

/* Begin PBXFileReference section */
		CBCBB7CF24F260D600E7BE8F /* DepthPhotoCamera.app */ = {isa = PBXFileReference; explicitFileType = wrapper.application; includeInIndex = 0; path = DepthPhotoCamera.app; sourceTree = BUILT_PRODUCTS_DIR; };
		CBCBB7D224F260D600E7BE8F /* AppDelegate.swift */ = {isa = PBXFileReference; lastKnownFileType = sourcecode.swift; path = AppDelegate.swift; sourceTree = "<group>"; };
		CBCBB7D424F260D600E7BE8F /* SceneDelegate.swift */ = {isa = PBXFileReference; lastKnownFileType = sourcecode.swift; path = SceneDelegate.swift; sourceTree = "<group>"; };
		CBCBB7D624F260D600E7BE8F /* ViewController.swift */ = {isa = PBXFileReference; lastKnownFileType = sourcecode.swift; path = ViewController.swift; sourceTree = "<group>"; };
		CBCBB7D924F260D600E7BE8F /* Base */ = {isa = PBXFileReference; lastKnownFileType = file.storyboard; name = Base; path = Base.lproj/Main.storyboard; sourceTree = "<group>"; };
		CBCBB7DB24F260D600E7BE8F /* ContentView.swift */ = {isa = PBXFileReference; lastKnownFileType = sourcecode.swift; path = ContentView.swift; sourceTree = "<group>"; };
		CBCBB7DD24F260D700E7BE8F /* Assets.xcassets */ = {isa = PBXFileReference; lastKnownFileType = folder.assetcatalog; path = Assets.xcassets; sourceTree = "<group>"; };
		CBCBB7E024F260D700E7BE8F /* Base */ = {isa = PBXFileReference; lastKnownFileType = file.storyboard; name = Base; path = Base.lproj/LaunchScreen.storyboard; sourceTree = "<group>"; };
		CBCBB7E224F260D700E7BE8F /* Info.plist */ = {isa = PBXFileReference; lastKnownFileType = text.plist.xml; path = Info.plist; sourceTree = "<group>"; };
		CBCBB7EA24F268D100E7BE8F /* DepthPreviewViewController.swift */ = {isa = PBXFileReference; lastKnownFileType = sourcecode.swift; path = DepthPreviewViewController.swift; sourceTree = "<group>"; };
/* End PBXFileReference section */

/* Begin PBXFrameworksBuildPhase section */
		CBCBB7CC24F260D600E7BE8F /* Frameworks */ = {
			isa = PBXFrameworksBuildPhase;
			buildActionMask = 2147483647;
			files = (
				CBD5792B24F39C100011023F /* Zip in Frameworks */,
			);
			runOnlyForDeploymentPostprocessing = 0;
		};
/* End PBXFrameworksBuildPhase section */

/* Begin PBXGroup section */
		CBCBB7C624F260D600E7BE8F = {
			isa = PBXGroup;
			children = (
				CBCBB7D124F260D600E7BE8F /* DepthPhotoCamera */,
				CBCBB7D024F260D600E7BE8F /* Products */,
				CBCBB7EC24F2751300E7BE8F /* Frameworks */,
			);
			sourceTree = "<group>";
		};
		CBCBB7D024F260D600E7BE8F /* Products */ = {
			isa = PBXGroup;
			children = (
				CBCBB7CF24F260D600E7BE8F /* DepthPhotoCamera.app */,
			);
			name = Products;
			sourceTree = "<group>";
		};
		CBCBB7D124F260D600E7BE8F /* DepthPhotoCamera */ = {
			isa = PBXGroup;
			children = (
				CBCBB7D224F260D600E7BE8F /* AppDelegate.swift */,
				CBCBB7D424F260D600E7BE8F /* SceneDelegate.swift */,
				CBCBB7D624F260D600E7BE8F /* ViewController.swift */,
				CBCBB7EA24F268D100E7BE8F /* DepthPreviewViewController.swift */,
				CBCBB7D824F260D600E7BE8F /* Main.storyboard */,
				CBCBB7DB24F260D600E7BE8F /* ContentView.swift */,
				CBCBB7DD24F260D700E7BE8F /* Assets.xcassets */,
				CBCBB7DF24F260D700E7BE8F /* LaunchScreen.storyboard */,
				CBCBB7E224F260D700E7BE8F /* Info.plist */,
			);
			path = DepthPhotoCamera;
			sourceTree = "<group>";
		};
		CBCBB7EC24F2751300E7BE8F /* Frameworks */ = {
			isa = PBXGroup;
			children = (
			);
			name = Frameworks;
			sourceTree = "<group>";
		};
/* End PBXGroup section */

/* Begin PBXNativeTarget section */
		CBCBB7CE24F260D600E7BE8F /* DepthPhotoCamera */ = {
			isa = PBXNativeTarget;
			buildConfigurationList = CBCBB7E524F260D700E7BE8F /* Build configuration list for PBXNativeTarget "DepthPhotoCamera" */;
			buildPhases = (
				CBCBB7CB24F260D600E7BE8F /* Sources */,
				CBCBB7CC24F260D600E7BE8F /* Frameworks */,
				CBCBB7CD24F260D600E7BE8F /* Resources */,
			);
			buildRules = (
			);
			dependencies = (
			);
			name = DepthPhotoCamera;
			packageProductDependencies = (
				CBD5792A24F39C100011023F /* Zip */,
			);
			productName = DepthPhotoCamera;
			productReference = CBCBB7CF24F260D600E7BE8F /* DepthPhotoCamera.app */;
			productType = "com.apple.product-type.application";
		};
/* End PBXNativeTarget section */

/* Begin PBXProject section */
		CBCBB7C724F260D600E7BE8F /* Project object */ = {
			isa = PBXProject;
			attributes = {
				LastSwiftUpdateCheck = 1200;
				LastUpgradeCheck = 1200;
				TargetAttributes = {
					CBCBB7CE24F260D600E7BE8F = {
						CreatedOnToolsVersion = 12.0;
					};
				};
			};
			buildConfigurationList = CBCBB7CA24F260D600E7BE8F /* Build configuration list for PBXProject "DepthPhotoCamera" */;
			compatibilityVersion = "Xcode 9.3";
			developmentRegion = en;
			hasScannedForEncodings = 0;
			knownRegions = (
				en,
				Base,
			);
			mainGroup = CBCBB7C624F260D600E7BE8F;
			packageReferences = (
				CBD5792924F39C100011023F /* XCRemoteSwiftPackageReference "Zip" */,
			);
			productRefGroup = CBCBB7D024F260D600E7BE8F /* Products */;
			projectDirPath = "";
			projectRoot = "";
			targets = (
				CBCBB7CE24F260D600E7BE8F /* DepthPhotoCamera */,
			);
		};
/* End PBXProject section */

/* Begin PBXResourcesBuildPhase section */
		CBCBB7CD24F260D600E7BE8F /* Resources */ = {
			isa = PBXResourcesBuildPhase;
			buildActionMask = 2147483647;
			files = (
				CBCBB7E124F260D700E7BE8F /* LaunchScreen.storyboard in Resources */,
				CBCBB7DE24F260D700E7BE8F /* Assets.xcassets in Resources */,
				CBCBB7DA24F260D600E7BE8F /* Main.storyboard in Resources */,
			);
			runOnlyForDeploymentPostprocessing = 0;
		};
/* End PBXResourcesBuildPhase section */

/* Begin PBXSourcesBuildPhase section */
		CBCBB7CB24F260D600E7BE8F /* Sources */ = {
			isa = PBXSourcesBuildPhase;
			buildActionMask = 2147483647;
			files = (
				CBCBB7EB24F268D100E7BE8F /* DepthPreviewViewController.swift in Sources */,
				CBCBB7D724F260D600E7BE8F /* ViewController.swift in Sources */,
				CBCBB7D324F260D600E7BE8F /* AppDelegate.swift in Sources */,
				CBCBB7DC24F260D600E7BE8F /* ContentView.swift in Sources */,
				CBCBB7D524F260D600E7BE8F /* SceneDelegate.swift in Sources */,
			);
			runOnlyForDeploymentPostprocessing = 0;
		};
/* End PBXSourcesBuildPhase section */

/* Begin PBXVariantGroup section */
		CBCBB7D824F260D600E7BE8F /* Main.storyboard */ = {
			isa = PBXVariantGroup;
			children = (
				CBCBB7D924F260D600E7BE8F /* Base */,
			);
			name = Main.storyboard;
			sourceTree = "<group>";
		};
		CBCBB7DF24F260D700E7BE8F /* LaunchScreen.storyboard */ = {
			isa = PBXVariantGroup;
			children = (
				CBCBB7E024F260D700E7BE8F /* Base */,
			);
			name = LaunchScreen.storyboard;
			sourceTree = "<group>";
		};
/* End PBXVariantGroup section */

/* Begin XCBuildConfiguration section */
		CBCBB7E324F260D700E7BE8F /* Debug */ = {
			isa = XCBuildConfiguration;
			buildSettings = {
				ALWAYS_SEARCH_USER_PATHS = NO;
				CLANG_ANALYZER_NONNULL = YES;
				CLANG_ANALYZER_NUMBER_OBJECT_CONVERSION = YES_AGGRESSIVE;
				CLANG_CXX_LANGUAGE_STANDARD = "gnu++14";
				CLANG_CXX_LIBRARY = "libc++";
				CLANG_ENABLE_MODULES = YES;
				CLANG_ENABLE_OBJC_ARC = YES;
				CLANG_ENABLE_OBJC_WEAK = YES;
				CLANG_WARN_BLOCK_CAPTURE_AUTORELEASING = YES;
				CLANG_WARN_BOOL_CONVERSION = YES;
				CLANG_WARN_COMMA = YES;
				CLANG_WARN_CONSTANT_CONVERSION = YES;
				CLANG_WARN_DEPRECATED_OBJC_IMPLEMENTATIONS = YES;
				CLANG_WARN_DIRECT_OBJC_ISA_USAGE = YES_ERROR;
				CLANG_WARN_DOCUMENTATION_COMMENTS = YES;
				CLANG_WARN_EMPTY_BODY = YES;
				CLANG_WARN_ENUM_CONVERSION = YES;
				CLANG_WARN_INFINITE_RECURSION = YES;
				CLANG_WARN_INT_CONVERSION = YES;
				CLANG_WARN_NON_LITERAL_NULL_CONVERSION = YES;
				CLANG_WARN_OBJC_IMPLICIT_RETAIN_SELF = YES;
				CLANG_WARN_OBJC_LITERAL_CONVERSION = YES;
				CLANG_WARN_OBJC_ROOT_CLASS = YES_ERROR;
				CLANG_WARN_QUOTED_INCLUDE_IN_FRAMEWORK_HEADER = YES;
				CLANG_WARN_RANGE_LOOP_ANALYSIS = YES;
				CLANG_WARN_STRICT_PROTOTYPES = YES;
				CLANG_WARN_SUSPICIOUS_MOVE = YES;
				CLANG_WARN_UNGUARDED_AVAILABILITY = YES_AGGRESSIVE;
				CLANG_WARN_UNREACHABLE_CODE = YES;
				CLANG_WARN__DUPLICATE_METHOD_MATCH = YES;
				COPY_PHASE_STRIP = NO;
				DEBUG_INFORMATION_FORMAT = dwarf;
				ENABLE_STRICT_OBJC_MSGSEND = YES;
				ENABLE_TESTABILITY = YES;
				GCC_C_LANGUAGE_STANDARD = gnu11;
				GCC_DYNAMIC_NO_PIC = NO;
				GCC_NO_COMMON_BLOCKS = YES;
				GCC_OPTIMIZATION_LEVEL = 0;
				GCC_PREPROCESSOR_DEFINITIONS = (
					"DEBUG=1",
					"$(inherited)",
				);
				GCC_WARN_64_TO_32_BIT_CONVERSION = YES;
				GCC_WARN_ABOUT_RETURN_TYPE = YES_ERROR;
				GCC_WARN_UNDECLARED_SELECTOR = YES;
				GCC_WARN_UNINITIALIZED_AUTOS = YES_AGGRESSIVE;
				GCC_WARN_UNUSED_FUNCTION = YES;
				GCC_WARN_UNUSED_VARIABLE = YES;
				IPHONEOS_DEPLOYMENT_TARGET = 14.0;
				MTL_ENABLE_DEBUG_INFO = INCLUDE_SOURCE;
				MTL_FAST_MATH = YES;
				ONLY_ACTIVE_ARCH = YES;
				SDKROOT = iphoneos;
				SWIFT_ACTIVE_COMPILATION_CONDITIONS = DEBUG;
				SWIFT_OPTIMIZATION_LEVEL = "-Onone";
			};
			name = Debug;
		};
		CBCBB7E424F260D700E7BE8F /* Release */ = {
			isa = XCBuildConfiguration;
			buildSettings = {
				ALWAYS_SEARCH_USER_PATHS = NO;
				CLANG_ANALYZER_NONNULL = YES;
				CLANG_ANALYZER_NUMBER_OBJECT_CONVERSION = YES_AGGRESSIVE;
				CLANG_CXX_LANGUAGE_STANDARD = "gnu++14";
				CLANG_CXX_LIBRARY = "libc++";
				CLANG_ENABLE_MODULES = YES;
				CLANG_ENABLE_OBJC_ARC = YES;
				CLANG_ENABLE_OBJC_WEAK = YES;
				CLANG_WARN_BLOCK_CAPTURE_AUTORELEASING = YES;
				CLANG_WARN_BOOL_CONVERSION = YES;
				CLANG_WARN_COMMA = YES;
				CLANG_WARN_CONSTANT_CONVERSION = YES;
				CLANG_WARN_DEPRECATED_OBJC_IMPLEMENTATIONS = YES;
				CLANG_WARN_DIRECT_OBJC_ISA_USAGE = YES_ERROR;
				CLANG_WARN_DOCUMENTATION_COMMENTS = YES;
				CLANG_WARN_EMPTY_BODY = YES;
				CLANG_WARN_ENUM_CONVERSION = YES;
				CLANG_WARN_INFINITE_RECURSION = YES;
				CLANG_WARN_INT_CONVERSION = YES;
				CLANG_WARN_NON_LITERAL_NULL_CONVERSION = YES;
				CLANG_WARN_OBJC_IMPLICIT_RETAIN_SELF = YES;
				CLANG_WARN_OBJC_LITERAL_CONVERSION = YES;
				CLANG_WARN_OBJC_ROOT_CLASS = YES_ERROR;
				CLANG_WARN_QUOTED_INCLUDE_IN_FRAMEWORK_HEADER = YES;
				CLANG_WARN_RANGE_LOOP_ANALYSIS = YES;
				CLANG_WARN_STRICT_PROTOTYPES = YES;
				CLANG_WARN_SUSPICIOUS_MOVE = YES;
				CLANG_WARN_UNGUARDED_AVAILABILITY = YES_AGGRESSIVE;
				CLANG_WARN_UNREACHABLE_CODE = YES;
				CLANG_WARN__DUPLICATE_METHOD_MATCH = YES;
				COPY_PHASE_STRIP = NO;
				DEBUG_INFORMATION_FORMAT = "dwarf-with-dsym";
				ENABLE_NS_ASSERTIONS = NO;
				ENABLE_STRICT_OBJC_MSGSEND = YES;
				GCC_C_LANGUAGE_STANDARD = gnu11;
				GCC_NO_COMMON_BLOCKS = YES;
				GCC_WARN_64_TO_32_BIT_CONVERSION = YES;
				GCC_WARN_ABOUT_RETURN_TYPE = YES_ERROR;
				GCC_WARN_UNDECLARED_SELECTOR = YES;
				GCC_WARN_UNINITIALIZED_AUTOS = YES_AGGRESSIVE;
				GCC_WARN_UNUSED_FUNCTION = YES;
				GCC_WARN_UNUSED_VARIABLE = YES;
				IPHONEOS_DEPLOYMENT_TARGET = 14.0;
				MTL_ENABLE_DEBUG_INFO = NO;
				MTL_FAST_MATH = YES;
				SDKROOT = iphoneos;
				SWIFT_COMPILATION_MODE = wholemodule;
				SWIFT_OPTIMIZATION_LEVEL = "-O";
				VALIDATE_PRODUCT = YES;
			};
			name = Release;
		};
		CBCBB7E624F260D700E7BE8F /* Debug */ = {
			isa = XCBuildConfiguration;
			buildSettings = {
				ASSETCATALOG_COMPILER_APPICON_NAME = AppIcon;
				ASSETCATALOG_COMPILER_GLOBAL_ACCENT_COLOR_NAME = AccentColor;
				CODE_SIGN_STYLE = Automatic;
				DEVELOPMENT_TEAM = 9TWATL5SE8;
				FRAMEWORK_SEARCH_PATHS = (
					"$(inherited)",
					"$(PROJECT_DIR)",
				);
				INFOPLIST_FILE = DepthPhotoCamera/Info.plist;
				IPHONEOS_DEPLOYMENT_TARGET = 13.6;
				LD_RUNPATH_SEARCH_PATHS = (
					"$(inherited)",
					"@executable_path/Frameworks",
				);
				PRODUCT_BUNDLE_IDENTIFIER = jp.tret.DepthPhotoCamera;
				PRODUCT_NAME = "$(TARGET_NAME)";
				SWIFT_VERSION = 5.0;
				TARGETED_DEVICE_FAMILY = "1,2";
			};
			name = Debug;
		};
		CBCBB7E724F260D700E7BE8F /* Release */ = {
			isa = XCBuildConfiguration;
			buildSettings = {
				ASSETCATALOG_COMPILER_APPICON_NAME = AppIcon;
				ASSETCATALOG_COMPILER_GLOBAL_ACCENT_COLOR_NAME = AccentColor;
				CODE_SIGN_STYLE = Automatic;
				DEVELOPMENT_TEAM = 9TWATL5SE8;
				FRAMEWORK_SEARCH_PATHS = (
					"$(inherited)",
					"$(PROJECT_DIR)",
				);
				INFOPLIST_FILE = DepthPhotoCamera/Info.plist;
				IPHONEOS_DEPLOYMENT_TARGET = 13.6;
				LD_RUNPATH_SEARCH_PATHS = (
					"$(inherited)",
					"@executable_path/Frameworks",
				);
				PRODUCT_BUNDLE_IDENTIFIER = jp.tret.DepthPhotoCamera;
				PRODUCT_NAME = "$(TARGET_NAME)";
				SWIFT_VERSION = 5.0;
				TARGETED_DEVICE_FAMILY = "1,2";
			};
			name = Release;
		};
/* End XCBuildConfiguration section */

/* Begin XCConfigurationList section */
		CBCBB7CA24F260D600E7BE8F /* Build configuration list for PBXProject "DepthPhotoCamera" */ = {
			isa = XCConfigurationList;
			buildConfigurations = (
				CBCBB7E324F260D700E7BE8F /* Debug */,
				CBCBB7E424F260D700E7BE8F /* Release */,
			);
			defaultConfigurationIsVisible = 0;
			defaultConfigurationName = Release;
		};
		CBCBB7E524F260D700E7BE8F /* Build configuration list for PBXNativeTarget "DepthPhotoCamera" */ = {
			isa = XCConfigurationList;
			buildConfigurations = (
				CBCBB7E624F260D700E7BE8F /* Debug */,
				CBCBB7E724F260D700E7BE8F /* Release */,
			);
			defaultConfigurationIsVisible = 0;
			defaultConfigurationName = Release;
		};
/* End XCConfigurationList section */

/* Begin XCRemoteSwiftPackageReference section */
		CBD5792924F39C100011023F /* XCRemoteSwiftPackageReference "Zip" */ = {
			isa = XCRemoteSwiftPackageReference;
			repositoryURL = "https://github.com/marmelroy/Zip";
			requirement = {
				kind = upToNextMajorVersion;
				minimumVersion = 2.0.0;
			};
		};
/* End XCRemoteSwiftPackageReference section */

/* Begin XCSwiftPackageProductDependency section */
		CBD5792A24F39C100011023F /* Zip */ = {
			isa = XCSwiftPackageProductDependency;
			package = CBD5792924F39C100011023F /* XCRemoteSwiftPackageReference "Zip" */;
			productName = Zip;
		};
/* End XCSwiftPackageProductDependency section */
	};
	rootObject = CBCBB7C724F260D600E7BE8F /* Project object */;
}
